
Microsoft Visual Studio Solution File, Format Version 12.00
# Visual Studio 15
VisualStudioVersion = 15.0.26430.6
MinimumVisualStudioVersion = 10.0.40219.1
Project("{2150E333-8FDC-42A3-9474-1A3956D46DE8}") = "0 - Presentation", "0 - Presentation", "{BA1A83C7-694E-4E1E-B5E6-15B766A46AE5}"
EndProject
Project("{2150E333-8FDC-42A3-9474-1A3956D46DE8}") = "1 - Application", "1 - Application", "{A6747D5E-5055-4ED8-A6A2-0AF6626B6D65}"
EndProject
Project("{2150E333-8FDC-42A3-9474-1A3956D46DE8}") = "2 - Domain", "2 - Domain", "{DAB8C284-0273-4261-84C7-B85126E22A2E}"
EndProject
Project("{2150E333-8FDC-42A3-9474-1A3956D46DE8}") = "3 - Infrastructure", "3 - Infrastructure", "{84472F29-DE29-45C2-8D41-4CB4AF438931}"
EndProject
Project("{2150E333-8FDC-42A3-9474-1A3956D46DE8}") = "4.1 - Data", "4.1 - Data", "{067E3FF1-4128-4E2F-94A6-6CC7AD089DA8}"
EndProject
Project("{2150E333-8FDC-42A3-9474-1A3956D46DE8}") = "4.2 - CrossCutting", "4.2 - CrossCutting", "{5C155018-35C8-4EA8-800E-DD2792206FDD}"
EndProject
Project("{FAE04EC0-301F-11D3-BF4B-00C04F79EFBC}") = "ProjetoModeloDDD.Domain", "ProjetoModeloDDD.Domain\ProjetoModeloDDD.Domain.csproj", "{ACD9E437-A2E2-44BE-A986-20D9492928A3}"
EndProject
Project("{FAE04EC0-301F-11D3-BF4B-00C04F79EFBC}") = "ProjetoModeloDDD.Infra.Data", "ProjetoModeloDDD.Data\ProjetoModeloDDD.Infra.Data.csproj", "{60F887B6-1EA6-4468-971C-1598C88155A5}"
EndProject
Project("{FAE04EC0-301F-11D3-BF4B-00C04F79EFBC}") = "ProjetoModeloDDD.Application", "ProjetoModeloDDD.Application\ProjetoModeloDDD.Application.csproj", "{91F9AFEF-1858-4DD1-B2C8-656A1953616B}"
EndProject
Project("{FAE04EC0-301F-11D3-BF4B-00C04F79EFBC}") = "ProjetoModeloDDD.MVC", "ProjetoModeloDDD.MVC\ProjetoModeloDDD.MVC.csproj", "{75582838-9896-47F2-AB6A-170A65F69665}"
EndProject
Global
	GlobalSection(SolutionConfigurationPlatforms) = preSolution
		Debug|Any CPU = Debug|Any CPU
		Release|Any CPU = Release|Any CPU
	EndGlobalSection
	GlobalSection(ProjectConfigurationPlatforms) = postSolution
		{ACD9E437-A2E2-44BE-A986-20D9492928A3}.Debug|Any CPU.ActiveCfg = Debug|Any CPU
		{ACD9E437-A2E2-44BE-A986-20D9492928A3}.Debug|Any CPU.Build.0 = Debug|Any CPU
		{ACD9E437-A2E2-44BE-A986-20D9492928A3}.Release|Any CPU.ActiveCfg = Release|Any CPU
		{ACD9E437-A2E2-44BE-A986-20D9492928A3}.Release|Any CPU.Build.0 = Release|Any CPU
		{60F887B6-1EA6-4468-971C-1598C88155A5}.Debug|Any CPU.ActiveCfg = Debug|Any CPU
		{60F887B6-1EA6-4468-971C-1598C88155A5}.Debug|Any CPU.Build.0 = Debug|Any CPU
		{60F887B6-1EA6-4468-971C-1598C88155A5}.Release|Any CPU.ActiveCfg = Release|Any CPU
		{60F887B6-1EA6-4468-971C-1598C88155A5}.Release|Any CPU.Build.0 = Release|Any CPU
		{91F9AFEF-1858-4DD1-B2C8-656A1953616B}.Debug|Any CPU.ActiveCfg = Debug|Any CPU
		{91F9AFEF-1858-4DD1-B2C8-656A1953616B}.Debug|Any CPU.Build.0 = Debug|Any CPU
		{91F9AFEF-1858-4DD1-B2C8-656A1953616B}.Release|Any CPU.ActiveCfg = Release|Any CPU
		{91F9AFEF-1858-4DD1-B2C8-656A1953616B}.Release|Any CPU.Build.0 = Release|Any CPU
		{75582838-9896-47F2-AB6A-170A65F69665}.Debug|Any CPU.ActiveCfg = Debug|Any CPU
		{75582838-9896-47F2-AB6A-170A65F69665}.Debug|Any CPU.Build.0 = Debug|Any CPU
		{75582838-9896-47F2-AB6A-170A65F69665}.Release|Any CPU.ActiveCfg = Release|Any CPU
		{75582838-9896-47F2-AB6A-170A65F69665}.Release|Any CPU.Build.0 = Release|Any CPU
	EndGlobalSection
	GlobalSection(SolutionProperties) = preSolution
		HideSolutionNode = FALSE
	EndGlobalSection
	GlobalSection(NestedProjects) = preSolution
		{067E3FF1-4128-4E2F-94A6-6CC7AD089DA8} = {84472F29-DE29-45C2-8D41-4CB4AF438931}
		{5C155018-35C8-4EA8-800E-DD2792206FDD} = {84472F29-DE29-45C2-8D41-4CB4AF438931}
		{ACD9E437-A2E2-44BE-A986-20D9492928A3} = {DAB8C284-0273-4261-84C7-B85126E22A2E}
		{60F887B6-1EA6-4468-971C-1598C88155A5} = {067E3FF1-4128-4E2F-94A6-6CC7AD089DA8}
		{91F9AFEF-1858-4DD1-B2C8-656A1953616B} = {A6747D5E-5055-4ED8-A6A2-0AF6626B6D65}
		{75582838-9896-47F2-AB6A-170A65F69665} = {BA1A83C7-694E-4E1E-B5E6-15B766A46AE5}
	EndGlobalSection
EndGlobal
